
Microsoft Visual Studio Solution File, Format Version 12.00
# Visual Studio Version 17
VisualStudioVersion = 17.1.32228.430
MinimumVisualStudioVersion = 10.0.40219.1
Project("{9A19103F-16F7-4668-BE54-9A1E7A4F7556}") = "MessagesFramework", "MessagesFramework\MessagesFramework.csproj", "{EB1A6E07-64D1-4E15-ACAC-6339A35BD030}"
EndProject
Project("{9A19103F-16F7-4668-BE54-9A1E7A4F7556}") = "Core", "Core\Core.csproj", "{CADD3428-34B8-41F9-B1D3-010973B15001}"
EndProject
Project("{9A19103F-16F7-4668-BE54-9A1E7A4F7556}") = "SolidPlayground-SpaghettiCode", "SolidPlayground-SpaghettiCode\SolidPlayground-SpaghettiCode.csproj", "{6E2023E3-01FE-4C56-976A-2815C334B077}"
EndProject
Project("{9A19103F-16F7-4668-BE54-9A1E7A4F7556}") = "SolidPlayground", "SolidPlayground\SolidPlayground.csproj", "{B759A82C-E332-4080-B1EC-B8A22CF10F88}"
EndProject
Project("{9A19103F-16F7-4668-BE54-9A1E7A4F7556}") = "SolidPlayground-S", "SolidPlayground-S\SolidPlayground-S.csproj", "{568FC10A-A050-4D80-AA53-92D28428E3EA}"
EndProject
Project("{9A19103F-16F7-4668-BE54-9A1E7A4F7556}") = "SolidPlayground-O", "SolidPlayground-O\SolidPlayground-O.csproj", "{38818D4F-0868-4EA2-946A-0D6C3FBFEAD6}"
EndProject
Project("{9A19103F-16F7-4668-BE54-9A1E7A4F7556}") = "SolidPlayground-L", "SolidPlayground-L\SolidPlayground-L.csproj", "{DD1FB766-3C40-423E-B185-1DF24801D570}"
EndProject
Project("{9A19103F-16F7-4668-BE54-9A1E7A4F7556}") = "SolidPlayground-I", "SolidPlayground-I\SolidPlayground-I.csproj", "{33EC9B56-BBC8-47D6-9AE1-5907CAFF9F65}"
EndProject
Project("{9A19103F-16F7-4668-BE54-9A1E7A4F7556}") = "Infrastructure", "Infrastructure\Infrastructure.csproj", "{6CB6EDBE-FAEA-41BE-B1AB-9BF8CCA68111}"
EndProject
Project("{FAE04EC0-301F-11D3-BF4B-00C04F79EFBC}") = "SolidPlayground-D", "SolidPlayground-D\SolidPlayground-D.csproj", "{041812E3-2F0C-4AAD-976A-3D37727BCD1F}"
EndProject
Project("{FAE04EC0-301F-11D3-BF4B-00C04F79EFBC}") = "SolidPlayground-SOLID", "SolidPlayground-SOLID\SolidPlayground-SOLID.csproj", "{D2A3B9C6-98A1-4564-87A2-7AB66A2137CD}"
EndProject
Global
	GlobalSection(SolutionConfigurationPlatforms) = preSolution
		Debug|Any CPU = Debug|Any CPU
		Release|Any CPU = Release|Any CPU
	EndGlobalSection
	GlobalSection(ProjectConfigurationPlatforms) = postSolution
		{EB1A6E07-64D1-4E15-ACAC-6339A35BD030}.Debug|Any CPU.ActiveCfg = Debug|Any CPU
		{EB1A6E07-64D1-4E15-ACAC-6339A35BD030}.Debug|Any CPU.Build.0 = Debug|Any CPU
		{EB1A6E07-64D1-4E15-ACAC-6339A35BD030}.Release|Any CPU.ActiveCfg = Release|Any CPU
		{EB1A6E07-64D1-4E15-ACAC-6339A35BD030}.Release|Any CPU.Build.0 = Release|Any CPU
		{CADD3428-34B8-41F9-B1D3-010973B15001}.Debug|Any CPU.ActiveCfg = Debug|Any CPU
		{CADD3428-34B8-41F9-B1D3-010973B15001}.Debug|Any CPU.Build.0 = Debug|Any CPU
		{CADD3428-34B8-41F9-B1D3-010973B15001}.Release|Any CPU.ActiveCfg = Release|Any CPU
		{CADD3428-34B8-41F9-B1D3-010973B15001}.Release|Any CPU.Build.0 = Release|Any CPU
		{6E2023E3-01FE-4C56-976A-2815C334B077}.Debug|Any CPU.ActiveCfg = Debug|Any CPU
		{6E2023E3-01FE-4C56-976A-2815C334B077}.Debug|Any CPU.Build.0 = Debug|Any CPU
		{6E2023E3-01FE-4C56-976A-2815C334B077}.Release|Any CPU.ActiveCfg = Release|Any CPU
		{6E2023E3-01FE-4C56-976A-2815C334B077}.Release|Any CPU.Build.0 = Release|Any CPU
		{B759A82C-E332-4080-B1EC-B8A22CF10F88}.Debug|Any CPU.ActiveCfg = Debug|Any CPU
		{B759A82C-E332-4080-B1EC-B8A22CF10F88}.Debug|Any CPU.Build.0 = Debug|Any CPU
		{B759A82C-E332-4080-B1EC-B8A22CF10F88}.Release|Any CPU.ActiveCfg = Release|Any CPU
		{B759A82C-E332-4080-B1EC-B8A22CF10F88}.Release|Any CPU.Build.0 = Release|Any CPU
		{568FC10A-A050-4D80-AA53-92D28428E3EA}.Debug|Any CPU.ActiveCfg = Debug|Any CPU
		{568FC10A-A050-4D80-AA53-92D28428E3EA}.Debug|Any CPU.Build.0 = Debug|Any CPU
		{568FC10A-A050-4D80-AA53-92D28428E3EA}.Release|Any CPU.ActiveCfg = Release|Any CPU
		{568FC10A-A050-4D80-AA53-92D28428E3EA}.Release|Any CPU.Build.0 = Release|Any CPU
		{38818D4F-0868-4EA2-946A-0D6C3FBFEAD6}.Debug|Any CPU.ActiveCfg = Debug|Any CPU
		{38818D4F-0868-4EA2-946A-0D6C3FBFEAD6}.Debug|Any CPU.Build.0 = Debug|Any CPU
		{38818D4F-0868-4EA2-946A-0D6C3FBFEAD6}.Release|Any CPU.ActiveCfg = Release|Any CPU
		{38818D4F-0868-4EA2-946A-0D6C3FBFEAD6}.Release|Any CPU.Build.0 = Release|Any CPU
		{DD1FB766-3C40-423E-B185-1DF24801D570}.Debug|Any CPU.ActiveCfg = Debug|Any CPU
		{DD1FB766-3C40-423E-B185-1DF24801D570}.Debug|Any CPU.Build.0 = Debug|Any CPU
		{DD1FB766-3C40-423E-B185-1DF24801D570}.Release|Any CPU.ActiveCfg = Release|Any CPU
		{DD1FB766-3C40-423E-B185-1DF24801D570}.Release|Any CPU.Build.0 = Release|Any CPU
		{33EC9B56-BBC8-47D6-9AE1-5907CAFF9F65}.Debug|Any CPU.ActiveCfg = Debug|Any CPU
		{33EC9B56-BBC8-47D6-9AE1-5907CAFF9F65}.Debug|Any CPU.Build.0 = Debug|Any CPU
		{33EC9B56-BBC8-47D6-9AE1-5907CAFF9F65}.Release|Any CPU.ActiveCfg = Release|Any CPU
		{33EC9B56-BBC8-47D6-9AE1-5907CAFF9F65}.Release|Any CPU.Build.0 = Release|Any CPU
		{6CB6EDBE-FAEA-41BE-B1AB-9BF8CCA68111}.Debug|Any CPU.ActiveCfg = Debug|Any CPU
		{6CB6EDBE-FAEA-41BE-B1AB-9BF8CCA68111}.Debug|Any CPU.Build.0 = Debug|Any CPU
		{6CB6EDBE-FAEA-41BE-B1AB-9BF8CCA68111}.Release|Any CPU.ActiveCfg = Release|Any CPU
		{6CB6EDBE-FAEA-41BE-B1AB-9BF8CCA68111}.Release|Any CPU.Build.0 = Release|Any CPU
		{041812E3-2F0C-4AAD-976A-3D37727BCD1F}.Debug|Any CPU.ActiveCfg = Debug|Any CPU
		{041812E3-2F0C-4AAD-976A-3D37727BCD1F}.Debug|Any CPU.Build.0 = Debug|Any CPU
		{041812E3-2F0C-4AAD-976A-3D37727BCD1F}.Release|Any CPU.ActiveCfg = Release|Any CPU
		{041812E3-2F0C-4AAD-976A-3D37727BCD1F}.Release|Any CPU.Build.0 = Release|Any CPU
		{D2A3B9C6-98A1-4564-87A2-7AB66A2137CD}.Debug|Any CPU.ActiveCfg = Debug|Any CPU
		{D2A3B9C6-98A1-4564-87A2-7AB66A2137CD}.Debug|Any CPU.Build.0 = Debug|Any CPU
		{D2A3B9C6-98A1-4564-87A2-7AB66A2137CD}.Release|Any CPU.ActiveCfg = Release|Any CPU
		{D2A3B9C6-98A1-4564-87A2-7AB66A2137CD}.Release|Any CPU.Build.0 = Release|Any CPU
	EndGlobalSection
	GlobalSection(SolutionProperties) = preSolution
		HideSolutionNode = FALSE
	EndGlobalSection
	GlobalSection(ExtensibilityGlobals) = postSolution
		SolutionGuid = {00211FDA-BA65-4464-A029-33819BF08202}
	EndGlobalSection
EndGlobal
