
Microsoft Visual Studio Solution File, Format Version 12.00
# Visual Studio Version 17
VisualStudioVersion = 17.5.33530.505
MinimumVisualStudioVersion = 10.0.40219.1
Project("{9A19103F-16F7-4668-BE54-9A1E7A4F7556}") = "PathOptimization", "SpaghettiCode\PathOptimization\PathOptimization.csproj", "{812519BF-F9C8-42CF-AA5D-6C4810649A50}"
EndProject
Project("{2150E333-8FDC-42A3-9474-1A3956D46DE8}") = "SpaghettiCode", "SpaghettiCode", "{15A2E834-5371-4C96-9979-74C95BF6E32C}"
EndProject
Project("{9A19103F-16F7-4668-BE54-9A1E7A4F7556}") = "SolidPathOptimization", "SpaghettiCode\SolidPathOptimization\SolidPathOptimization.csproj", "{7DA46EC1-82A5-434B-8ED9-1B914A8DBD70}"
EndProject
Project("{2150E333-8FDC-42A3-9474-1A3956D46DE8}") = "SOLID", "SOLID", "{0339279C-A71C-48A8-AE72-A1F60ADA8FEC}"
EndProject
Project("{9A19103F-16F7-4668-BE54-9A1E7A4F7556}") = "PathOptimization", "SOLID\PathOptimization\PathOptimization.csproj", "{9C0F0869-91C6-4522-9AC9-4DAF8173810E}"
EndProject
Project("{9A19103F-16F7-4668-BE54-9A1E7A4F7556}") = "SolidPathOptimization", "SOLID\SolidPathOptimization\SolidPathOptimization.csproj", "{B60C8C95-042D-4BF9-8137-1C54260A8E3C}"
EndProject
Project("{2150E333-8FDC-42A3-9474-1A3956D46DE8}") = "Solid-S", "Solid-S", "{486A0258-DE94-470D-B875-FB927C789BC1}"
EndProject
Project("{9A19103F-16F7-4668-BE54-9A1E7A4F7556}") = "PathOptimization", "solid-S\PathOptimization\PathOptimization.csproj", "{843C4710-533C-4F9B-B1D6-9D3E92EC0361}"
EndProject
Project("{9A19103F-16F7-4668-BE54-9A1E7A4F7556}") = "SolidPathOptimization", "solid-S\SolidPathOptimization\SolidPathOptimization.csproj", "{8E3EF1BB-E7F5-4926-BEE0-6797EDA4DF5C}"
EndProject
Project("{2150E333-8FDC-42A3-9474-1A3956D46DE8}") = "Solid-O", "Solid-O", "{DBFEAC22-9554-4BBC-9BB6-F957B4975117}"
EndProject
Project("{9A19103F-16F7-4668-BE54-9A1E7A4F7556}") = "PathOptimization", "Solid-O\PathOptimization\PathOptimization.csproj", "{97A14F2E-41B7-4CFB-B88C-77BB2A7D198D}"
EndProject
Project("{9A19103F-16F7-4668-BE54-9A1E7A4F7556}") = "SolidPathOptimization", "Solid-O\SolidPathOptimization\SolidPathOptimization.csproj", "{529F085A-7A7C-47E6-B397-7E6F8FA3168F}"
EndProject
Project("{2150E333-8FDC-42A3-9474-1A3956D46DE8}") = "Solid-L", "Solid-L", "{BDAE129F-95D2-4B8B-8D2F-BF850E57C7D8}"
EndProject
Project("{9A19103F-16F7-4668-BE54-9A1E7A4F7556}") = "PathOptimization", "Solid-L\PathOptimization\PathOptimization.csproj", "{E50F1443-3204-4D04-81F9-8B1CEE9A30AF}"
EndProject
Project("{9A19103F-16F7-4668-BE54-9A1E7A4F7556}") = "SolidPathOptimization", "Solid-L\SolidPathOptimization\SolidPathOptimization.csproj", "{0B0D7CAE-A96E-4335-9EAC-BAFFCB12055A}"
EndProject
Project("{2150E333-8FDC-42A3-9474-1A3956D46DE8}") = "Solid-I", "Solid-I", "{0821714F-B82E-45C4-9A2C-B07993CE6380}"
EndProject
Project("{9A19103F-16F7-4668-BE54-9A1E7A4F7556}") = "PathOptimization", "Solid-I\PathOptimization\PathOptimization.csproj", "{2C340BC6-4020-40B8-8E7F-8AE58FFB0715}"
EndProject
Project("{9A19103F-16F7-4668-BE54-9A1E7A4F7556}") = "SolidPathOptimization", "Solid-I\SolidPathOptimization\SolidPathOptimization.csproj", "{C5EAEDF2-2641-41B6-9E9F-274968EF295D}"
EndProject
Project("{2150E333-8FDC-42A3-9474-1A3956D46DE8}") = "Solid-D", "Solid-D", "{9D0F3A90-1780-4F56-B1AF-D504414A8512}"
EndProject
Project("{9A19103F-16F7-4668-BE54-9A1E7A4F7556}") = "PathOptimization", "Solid-D\PathOptimization\PathOptimization.csproj", "{A0DD9B86-675D-404B-BE14-61E4B301C61D}"
EndProject
Project("{9A19103F-16F7-4668-BE54-9A1E7A4F7556}") = "SolidPathOptimization", "Solid-D\SolidPathOptimization\SolidPathOptimization.csproj", "{9EBABDD8-3A0E-41F2-B723-3EA43F6381CC}"
EndProject
Global
	GlobalSection(SolutionConfigurationPlatforms) = preSolution
		Debug|Any CPU = Debug|Any CPU
		Release|Any CPU = Release|Any CPU
	EndGlobalSection
	GlobalSection(ProjectConfigurationPlatforms) = postSolution
		{812519BF-F9C8-42CF-AA5D-6C4810649A50}.Debug|Any CPU.ActiveCfg = Debug|Any CPU
		{812519BF-F9C8-42CF-AA5D-6C4810649A50}.Debug|Any CPU.Build.0 = Debug|Any CPU
		{812519BF-F9C8-42CF-AA5D-6C4810649A50}.Release|Any CPU.ActiveCfg = Release|Any CPU
		{812519BF-F9C8-42CF-AA5D-6C4810649A50}.Release|Any CPU.Build.0 = Release|Any CPU
		{7DA46EC1-82A5-434B-8ED9-1B914A8DBD70}.Debug|Any CPU.ActiveCfg = Debug|Any CPU
		{7DA46EC1-82A5-434B-8ED9-1B914A8DBD70}.Debug|Any CPU.Build.0 = Debug|Any CPU
		{7DA46EC1-82A5-434B-8ED9-1B914A8DBD70}.Release|Any CPU.ActiveCfg = Release|Any CPU
		{7DA46EC1-82A5-434B-8ED9-1B914A8DBD70}.Release|Any CPU.Build.0 = Release|Any CPU
		{9C0F0869-91C6-4522-9AC9-4DAF8173810E}.Debug|Any CPU.ActiveCfg = Debug|Any CPU
		{9C0F0869-91C6-4522-9AC9-4DAF8173810E}.Debug|Any CPU.Build.0 = Debug|Any CPU
		{9C0F0869-91C6-4522-9AC9-4DAF8173810E}.Release|Any CPU.ActiveCfg = Release|Any CPU
		{9C0F0869-91C6-4522-9AC9-4DAF8173810E}.Release|Any CPU.Build.0 = Release|Any CPU
		{B60C8C95-042D-4BF9-8137-1C54260A8E3C}.Debug|Any CPU.ActiveCfg = Debug|Any CPU
		{B60C8C95-042D-4BF9-8137-1C54260A8E3C}.Debug|Any CPU.Build.0 = Debug|Any CPU
		{B60C8C95-042D-4BF9-8137-1C54260A8E3C}.Release|Any CPU.ActiveCfg = Release|Any CPU
		{B60C8C95-042D-4BF9-8137-1C54260A8E3C}.Release|Any CPU.Build.0 = Release|Any CPU
		{843C4710-533C-4F9B-B1D6-9D3E92EC0361}.Debug|Any CPU.ActiveCfg = Debug|Any CPU
		{843C4710-533C-4F9B-B1D6-9D3E92EC0361}.Debug|Any CPU.Build.0 = Debug|Any CPU
		{843C4710-533C-4F9B-B1D6-9D3E92EC0361}.Release|Any CPU.ActiveCfg = Release|Any CPU
		{843C4710-533C-4F9B-B1D6-9D3E92EC0361}.Release|Any CPU.Build.0 = Release|Any CPU
		{8E3EF1BB-E7F5-4926-BEE0-6797EDA4DF5C}.Debug|Any CPU.ActiveCfg = Debug|Any CPU
		{8E3EF1BB-E7F5-4926-BEE0-6797EDA4DF5C}.Debug|Any CPU.Build.0 = Debug|Any CPU
		{8E3EF1BB-E7F5-4926-BEE0-6797EDA4DF5C}.Release|Any CPU.ActiveCfg = Release|Any CPU
		{8E3EF1BB-E7F5-4926-BEE0-6797EDA4DF5C}.Release|Any CPU.Build.0 = Release|Any CPU
		{97A14F2E-41B7-4CFB-B88C-77BB2A7D198D}.Debug|Any CPU.ActiveCfg = Debug|Any CPU
		{97A14F2E-41B7-4CFB-B88C-77BB2A7D198D}.Debug|Any CPU.Build.0 = Debug|Any CPU
		{97A14F2E-41B7-4CFB-B88C-77BB2A7D198D}.Release|Any CPU.ActiveCfg = Release|Any CPU
		{97A14F2E-41B7-4CFB-B88C-77BB2A7D198D}.Release|Any CPU.Build.0 = Release|Any CPU
		{529F085A-7A7C-47E6-B397-7E6F8FA3168F}.Debug|Any CPU.ActiveCfg = Debug|Any CPU
		{529F085A-7A7C-47E6-B397-7E6F8FA3168F}.Debug|Any CPU.Build.0 = Debug|Any CPU
		{529F085A-7A7C-47E6-B397-7E6F8FA3168F}.Release|Any CPU.ActiveCfg = Release|Any CPU
		{529F085A-7A7C-47E6-B397-7E6F8FA3168F}.Release|Any CPU.Build.0 = Release|Any CPU
		{E50F1443-3204-4D04-81F9-8B1CEE9A30AF}.Debug|Any CPU.ActiveCfg = Debug|Any CPU
		{E50F1443-3204-4D04-81F9-8B1CEE9A30AF}.Debug|Any CPU.Build.0 = Debug|Any CPU
		{E50F1443-3204-4D04-81F9-8B1CEE9A30AF}.Release|Any CPU.ActiveCfg = Release|Any CPU
		{E50F1443-3204-4D04-81F9-8B1CEE9A30AF}.Release|Any CPU.Build.0 = Release|Any CPU
		{0B0D7CAE-A96E-4335-9EAC-BAFFCB12055A}.Debug|Any CPU.ActiveCfg = Debug|Any CPU
		{0B0D7CAE-A96E-4335-9EAC-BAFFCB12055A}.Debug|Any CPU.Build.0 = Debug|Any CPU
		{0B0D7CAE-A96E-4335-9EAC-BAFFCB12055A}.Release|Any CPU.ActiveCfg = Release|Any CPU
		{0B0D7CAE-A96E-4335-9EAC-BAFFCB12055A}.Release|Any CPU.Build.0 = Release|Any CPU
		{2C340BC6-4020-40B8-8E7F-8AE58FFB0715}.Debug|Any CPU.ActiveCfg = Debug|Any CPU
		{2C340BC6-4020-40B8-8E7F-8AE58FFB0715}.Debug|Any CPU.Build.0 = Debug|Any CPU
		{2C340BC6-4020-40B8-8E7F-8AE58FFB0715}.Release|Any CPU.ActiveCfg = Release|Any CPU
		{2C340BC6-4020-40B8-8E7F-8AE58FFB0715}.Release|Any CPU.Build.0 = Release|Any CPU
		{C5EAEDF2-2641-41B6-9E9F-274968EF295D}.Debug|Any CPU.ActiveCfg = Debug|Any CPU
		{C5EAEDF2-2641-41B6-9E9F-274968EF295D}.Debug|Any CPU.Build.0 = Debug|Any CPU
		{C5EAEDF2-2641-41B6-9E9F-274968EF295D}.Release|Any CPU.ActiveCfg = Release|Any CPU
		{C5EAEDF2-2641-41B6-9E9F-274968EF295D}.Release|Any CPU.Build.0 = Release|Any CPU
		{A0DD9B86-675D-404B-BE14-61E4B301C61D}.Debug|Any CPU.ActiveCfg = Debug|Any CPU
		{A0DD9B86-675D-404B-BE14-61E4B301C61D}.Debug|Any CPU.Build.0 = Debug|Any CPU
		{A0DD9B86-675D-404B-BE14-61E4B301C61D}.Release|Any CPU.ActiveCfg = Release|Any CPU
		{A0DD9B86-675D-404B-BE14-61E4B301C61D}.Release|Any CPU.Build.0 = Release|Any CPU
		{9EBABDD8-3A0E-41F2-B723-3EA43F6381CC}.Debug|Any CPU.ActiveCfg = Debug|Any CPU
		{9EBABDD8-3A0E-41F2-B723-3EA43F6381CC}.Debug|Any CPU.Build.0 = Debug|Any CPU
		{9EBABDD8-3A0E-41F2-B723-3EA43F6381CC}.Release|Any CPU.ActiveCfg = Release|Any CPU
		{9EBABDD8-3A0E-41F2-B723-3EA43F6381CC}.Release|Any CPU.Build.0 = Release|Any CPU
	EndGlobalSection
	GlobalSection(SolutionProperties) = preSolution
		HideSolutionNode = FALSE
	EndGlobalSection
	GlobalSection(NestedProjects) = preSolution
		{812519BF-F9C8-42CF-AA5D-6C4810649A50} = {15A2E834-5371-4C96-9979-74C95BF6E32C}
		{7DA46EC1-82A5-434B-8ED9-1B914A8DBD70} = {15A2E834-5371-4C96-9979-74C95BF6E32C}
		{9C0F0869-91C6-4522-9AC9-4DAF8173810E} = {0339279C-A71C-48A8-AE72-A1F60ADA8FEC}
		{B60C8C95-042D-4BF9-8137-1C54260A8E3C} = {0339279C-A71C-48A8-AE72-A1F60ADA8FEC}
		{843C4710-533C-4F9B-B1D6-9D3E92EC0361} = {486A0258-DE94-470D-B875-FB927C789BC1}
		{8E3EF1BB-E7F5-4926-BEE0-6797EDA4DF5C} = {486A0258-DE94-470D-B875-FB927C789BC1}
		{97A14F2E-41B7-4CFB-B88C-77BB2A7D198D} = {DBFEAC22-9554-4BBC-9BB6-F957B4975117}
		{529F085A-7A7C-47E6-B397-7E6F8FA3168F} = {DBFEAC22-9554-4BBC-9BB6-F957B4975117}
		{E50F1443-3204-4D04-81F9-8B1CEE9A30AF} = {BDAE129F-95D2-4B8B-8D2F-BF850E57C7D8}
		{0B0D7CAE-A96E-4335-9EAC-BAFFCB12055A} = {BDAE129F-95D2-4B8B-8D2F-BF850E57C7D8}
		{2C340BC6-4020-40B8-8E7F-8AE58FFB0715} = {0821714F-B82E-45C4-9A2C-B07993CE6380}
		{C5EAEDF2-2641-41B6-9E9F-274968EF295D} = {0821714F-B82E-45C4-9A2C-B07993CE6380}
		{A0DD9B86-675D-404B-BE14-61E4B301C61D} = {9D0F3A90-1780-4F56-B1AF-D504414A8512}
		{9EBABDD8-3A0E-41F2-B723-3EA43F6381CC} = {9D0F3A90-1780-4F56-B1AF-D504414A8512}
	EndGlobalSection
	GlobalSection(ExtensibilityGlobals) = postSolution
		SolutionGuid = {1756D22F-5D5B-4E44-BB30-7B3B3EE93BCB}
	EndGlobalSection
EndGlobal
